{
    "_readme": [
        "This file locks the dependencies of your project to a known state",
        "Read more about it at https://getcomposer.org/doc/01-basic-usage.md#installing-dependencies",
        "This file is @generated automatically"
    ],
    "content-hash": "14c0c40622d019b4855836b2e5ed4b45",
    "packages": [
        {
            "name": "daisyconbv/oauth-examples",
            "version": "v1.0.0",
            "source": {
                "type": "git",
                "url": "https://github.com/DaisyconBV/oauth-examples.git",
                "reference": "ecce355c106311b8968623e2c11f3a378c3cfd8e"
            },
            "dist": {
                "type": "zip",
                "url": "https://api.github.com/repos/DaisyconBV/oauth-examples/zipball/ecce355c106311b8968623e2c11f3a378c3cfd8e",
                "reference": "ecce355c106311b8968623e2c11f3a378c3cfd8e",
                "shasum": ""
            },
            "require": {
                "php": ">=7.4"
            },
            "type": "library",
            "notification-url": "https://packagist.org/downloads/",
            "description": "A list of Daisycon oAuth examples.",
            "support": {
                "issues": "https://github.com/DaisyconBV/oauth-examples/issues",
                "source": "https://github.com/DaisyconBV/oauth-examples/tree/v1.0.0"
            },
            "time": "2023-03-03T12:36:54+00:00"
        },
        {
            "name": "symfony/polyfill-ctype",
            "version": "v1.27.0",
            "source": {
                "type": "git",
                "url": "https://github.com/symfony/polyfill-ctype.git",
                "reference": "5bbc823adecdae860bb64756d639ecfec17b050a"
            },
            "dist": {
                "type": "zip",
                "url": "https://api.github.com/repos/symfony/polyfill-ctype/zipball/5bbc823adecdae860bb64756d639ecfec17b050a",
                "reference": "5bbc823adecdae860bb64756d639ecfec17b050a",
                "shasum": ""
            },
            "require": {
                "php": ">=7.1"
            },
            "provide": {
                "ext-ctype": "*"
            },
            "suggest": {
                "ext-ctype": "For best performance"
            },
            "type": "library",
            "extra": {
                "branch-alias": {
                    "dev-main": "1.27-dev"
                },
                "thanks": {
                    "name": "symfony/polyfill",
                    "url": "https://github.com/symfony/polyfill"
                }
            },
            "autoload": {
                "files": [
                    "bootstrap.php"
                ],
                "psr-4": {
                    "Symfony\\Polyfill\\Ctype\\": ""
                }
            },
            "notification-url": "https://packagist.org/downloads/",
            "license": [
                "MIT"
            ],
            "authors": [
                {
                    "name": "Gert de Pagter",
                    "email": "BackEndTea@gmail.com"
                },
                {
                    "name": "Symfony Community",
                    "homepage": "https://symfony.com/contributors"
                }
            ],
            "description": "Symfony polyfill for ctype functions",
            "homepage": "https://symfony.com",
            "keywords": [
                "compatibility",
                "ctype",
                "polyfill",
                "portable"
            ],
            "support": {
                "source": "https://github.com/symfony/polyfill-ctype/tree/v1.27.0"
            },
            "funding": [
                {
                    "url": "https://symfony.com/sponsor",
                    "type": "custom"
                },
                {
                    "url": "https://github.com/fabpot",
                    "type": "github"
                },
                {
                    "url": "https://tidelift.com/funding/github/packagist/symfony/symfony",
                    "type": "tidelift"
                }
            ],
            "time": "2022-11-03T14:55:06+00:00"
        },
        {
            "name": "symfony/serializer",
            "version": "v6.1.1",
            "source": {
                "type": "git",
                "url": "https://github.com/symfony/serializer.git",
                "reference": "96a4db91d2655a85d631af451ab906ccdc711a15"
            },
            "dist": {
                "type": "zip",
                "url": "https://api.github.com/repos/symfony/serializer/zipball/96a4db91d2655a85d631af451ab906ccdc711a15",
                "reference": "96a4db91d2655a85d631af451ab906ccdc711a15",
                "shasum": ""
            },
            "require": {
                "php": ">=8.1",
                "symfony/polyfill-ctype": "~1.8"
            },
            "conflict": {
                "doctrine/annotations": "<1.12",
                "phpdocumentor/reflection-docblock": "<3.2.2",
                "phpdocumentor/type-resolver": "<1.4.0",
                "symfony/dependency-injection": "<5.4",
                "symfony/property-access": "<5.4",
                "symfony/property-info": "<5.4",
                "symfony/uid": "<5.4",
                "symfony/yaml": "<5.4"
            },
            "require-dev": {
                "doctrine/annotations": "^1.12",
                "phpdocumentor/reflection-docblock": "^3.2|^4.0|^5.0",
                "symfony/cache": "^5.4|^6.0",
                "symfony/config": "^5.4|^6.0",
                "symfony/dependency-injection": "^5.4|^6.0",
                "symfony/error-handler": "^5.4|^6.0",
                "symfony/filesystem": "^5.4|^6.0",
                "symfony/form": "^5.4|^6.0",
                "symfony/http-foundation": "^5.4|^6.0",
                "symfony/http-kernel": "^5.4|^6.0",
                "symfony/mime": "^5.4|^6.0",
                "symfony/property-access": "^5.4|^6.0",
                "symfony/property-info": "^5.4|^6.0",
                "symfony/uid": "^5.4|^6.0",
                "symfony/validator": "^5.4|^6.0",
                "symfony/var-dumper": "^5.4|^6.0",
                "symfony/var-exporter": "^5.4|^6.0",
                "symfony/yaml": "^5.4|^6.0"
            },
            "suggest": {
                "psr/cache-implementation": "For using the metadata cache.",
                "symfony/config": "For using the XML mapping loader.",
                "symfony/mime": "For using a MIME type guesser within the DataUriNormalizer.",
                "symfony/property-access": "For using the ObjectNormalizer.",
                "symfony/property-info": "To deserialize relations.",
                "symfony/var-exporter": "For using the metadata compiler.",
                "symfony/yaml": "For using the default YAML mapping loader."
            },
            "type": "library",
            "autoload": {
                "psr-4": {
                    "Symfony\\Component\\Serializer\\": ""
                },
                "exclude-from-classmap": [
                    "/Tests/"
                ]
            },
            "notification-url": "https://packagist.org/downloads/",
            "license": [
                "MIT"
            ],
            "authors": [
                {
                    "name": "Fabien Potencier",
                    "email": "fabien@symfony.com"
                },
                {
                    "name": "Symfony Community",
                    "homepage": "https://symfony.com/contributors"
                }
            ],
            "description": "Handles serializing and deserializing data structures, including object graphs, into array structures or other formats like XML and JSON.",
            "homepage": "https://symfony.com",
            "support": {
                "source": "https://github.com/symfony/serializer/tree/v6.1.1"
            },
            "funding": [
                {
                    "url": "https://symfony.com/sponsor",
                    "type": "custom"
                },
                {
                    "url": "https://github.com/fabpot",
                    "type": "github"
                },
                {
                    "url": "https://tidelift.com/funding/github/packagist/symfony/symfony",
                    "type": "tidelift"
                }
            ],
            "time": "2022-06-06T19:15:01+00:00"
        }
    ],
    "packages-dev": [],
    "aliases": [],
    "minimum-stability": "stable",
    "stability-flags": [],
    "prefer-stable": false,
    "prefer-lowest": false,
    "platform": {
        "php": "^8.1",
        "ext-curl": "*",
        "ext-json": "*"
    },
    "platform-dev": [],
    "platform-overrides": {
        "php": "8.1.6"
    },
    "plugin-api-version": "2.3.0"
}
